
Microsoft Visual Studio Solution File, Format Version 12.00
# Visual Studio Version 17
VisualStudioVersion = 17.11.35312.102
MinimumVisualStudioVersion = 10.0.40219.1
Project("{FAE04EC0-301F-11D3-BF4B-00C04F79EFBC}") = "RayLibCs.EditorSandbox", "RayLibCs.EditorSandbox\RayLibCs.EditorSandbox.csproj", "{7D5FCD7D-001D-49C6-A156-563A441C3022}"
EndProject
Global
	GlobalSection(SolutionConfigurationPlatforms) = preSolution
		Debug|x64 = Debug|x64
		Release|x64 = Release|x64
	EndGlobalSection
	GlobalSection(ProjectConfigurationPlatforms) = postSolution
		{7D5FCD7D-001D-49C6-A156-563A441C3022}.Debug|x64.ActiveCfg = Debug|x64
		{7D5FCD7D-001D-49C6-A156-563A441C3022}.Debug|x64.Build.0 = Debug|x64
		{7D5FCD7D-001D-49C6-A156-563A441C3022}.Release|x64.ActiveCfg = Release|x64
		{7D5FCD7D-001D-49C6-A156-563A441C3022}.Release|x64.Build.0 = Release|x64
	EndGlobalSection
	GlobalSection(SolutionProperties) = preSolution
		HideSolutionNode = FALSE
	EndGlobalSection
	GlobalSection(ExtensibilityGlobals) = postSolution
		SolutionGuid = {9145B68F-BC9D-453C-884D-5BC1B7E67E36}
	EndGlobalSection
EndGlobal
